
Microsoft Visual Studio Solution File, Format Version 12.00
# Visual Studio Version 16
VisualStudioVersion = 16.0.31515.178
MinimumVisualStudioVersion = 10.0.40219.1
Project("{2150E333-8FDC-42A3-9474-1A3956D46DE8}") = "BuildingBlocks", "BuildingBlocks", "{7B6BE3C8-472A-4970-8938-ECB7CEB8F465}"
EndProject
Project("{2150E333-8FDC-42A3-9474-1A3956D46DE8}") = "Microservices", "Microservices", "{7CEA71AD-8C8B-4FC0-A549-BD733AA70D3B}"
EndProject
Project("{2150E333-8FDC-42A3-9474-1A3956D46DE8}") = "Catalogo", "Catalogo", "{B8178D65-21E0-4534-8DA1-791E23A91A81}"
EndProject
Project("{2150E333-8FDC-42A3-9474-1A3956D46DE8}") = "Venda", "Venda", "{1D1F9C85-DF25-46F3-81FA-CCC161D3C2BA}"
EndProject
Project("{2150E333-8FDC-42A3-9474-1A3956D46DE8}") = "Core", "Core", "{DB8B5A33-125A-412A-9809-932473094372}"
EndProject
Project("{2150E333-8FDC-42A3-9474-1A3956D46DE8}") = "Identity", "Identity", "{9487B5BD-2F8B-413F-B4AE-0B043F3C7378}"
EndProject
Project("{2150E333-8FDC-42A3-9474-1A3956D46DE8}") = "Infrastructure", "Infrastructure", "{76FC96D6-D5E0-479D-9451-A4542A174F6E}"
EndProject
Project("{2150E333-8FDC-42A3-9474-1A3956D46DE8}") = "EventBus", "EventBus", "{54AD8B38-3F55-404D-AB86-E58BCFA52898}"
EndProject
Project("{2150E333-8FDC-42A3-9474-1A3956D46DE8}") = "EventBusRabbitMQ", "EventBusRabbitMQ", "{B558653A-7030-4765-8BEF-D8D038C85685}"
EndProject
Project("{2150E333-8FDC-42A3-9474-1A3956D46DE8}") = "EventSourcing", "EventSourcing", "{1E92F102-B955-4C86-BD5B-021F1848EB43}"
EndProject
Project("{2150E333-8FDC-42A3-9474-1A3956D46DE8}") = "WebHostCustomization", "WebHostCustomization", "{9058C420-1AFB-4CF8-9A5A-91CDC59EEA4B}"
EndProject
Project("{9A19103F-16F7-4668-BE54-9A1E7A4F7556}") = "FavoDeMel.Domain.Core", "src\Microservices\Core\FavoDeMel.Domain.Core\FavoDeMel.Domain.Core.csproj", "{BEC79510-7705-4C24-B121-3B1C6F67C8C9}"
EndProject
Project("{2150E333-8FDC-42A3-9474-1A3956D46DE8}") = "Presentation", "Presentation", "{64DFCCA7-62DF-4999-AEF7-698DB3666888}"
EndProject
Project("{2150E333-8FDC-42A3-9474-1A3956D46DE8}") = "WebApps", "WebApps", "{93142A69-9C0C-475C-B1BB-C79072E9AC48}"
EndProject
Project("{9A19103F-16F7-4668-BE54-9A1E7A4F7556}") = "EventBus", "src\BuildingBlocks\EventBus\EventBus.csproj", "{9CDD0111-D03E-4585-80EF-B321AFF43E49}"
EndProject
Project("{9A19103F-16F7-4668-BE54-9A1E7A4F7556}") = "EventBusRabbitMQ", "src\BuildingBlocks\EventBusRabbitMQ\EventBusRabbitMQ.csproj", "{4C603164-3150-4B22-958A-32EC7E6713EB}"
EndProject
Project("{9A19103F-16F7-4668-BE54-9A1E7A4F7556}") = "EventSourcing", "src\BuildingBlocks\EventSourcing\EventSourcing.csproj", "{BCB38453-9665-4E06-A599-0FCD71636006}"
EndProject
Project("{9A19103F-16F7-4668-BE54-9A1E7A4F7556}") = "WebHostCustomization", "src\BuildingBlocks\WebHostCustomization\WebHostCustomization.csproj", "{0FD5D9F8-5DDC-4729-858D-D0BC625717E8}"
EndProject
Global
	GlobalSection(SolutionConfigurationPlatforms) = preSolution
		Debug|Any CPU = Debug|Any CPU
		Release|Any CPU = Release|Any CPU
	EndGlobalSection
	GlobalSection(ProjectConfigurationPlatforms) = postSolution
		{BEC79510-7705-4C24-B121-3B1C6F67C8C9}.Debug|Any CPU.ActiveCfg = Debug|Any CPU
		{BEC79510-7705-4C24-B121-3B1C6F67C8C9}.Debug|Any CPU.Build.0 = Debug|Any CPU
		{BEC79510-7705-4C24-B121-3B1C6F67C8C9}.Release|Any CPU.ActiveCfg = Release|Any CPU
		{BEC79510-7705-4C24-B121-3B1C6F67C8C9}.Release|Any CPU.Build.0 = Release|Any CPU
		{9CDD0111-D03E-4585-80EF-B321AFF43E49}.Debug|Any CPU.ActiveCfg = Debug|Any CPU
		{9CDD0111-D03E-4585-80EF-B321AFF43E49}.Debug|Any CPU.Build.0 = Debug|Any CPU
		{9CDD0111-D03E-4585-80EF-B321AFF43E49}.Release|Any CPU.ActiveCfg = Release|Any CPU
		{9CDD0111-D03E-4585-80EF-B321AFF43E49}.Release|Any CPU.Build.0 = Release|Any CPU
		{4C603164-3150-4B22-958A-32EC7E6713EB}.Debug|Any CPU.ActiveCfg = Debug|Any CPU
		{4C603164-3150-4B22-958A-32EC7E6713EB}.Debug|Any CPU.Build.0 = Debug|Any CPU
		{4C603164-3150-4B22-958A-32EC7E6713EB}.Release|Any CPU.ActiveCfg = Release|Any CPU
		{4C603164-3150-4B22-958A-32EC7E6713EB}.Release|Any CPU.Build.0 = Release|Any CPU
		{BCB38453-9665-4E06-A599-0FCD71636006}.Debug|Any CPU.ActiveCfg = Debug|Any CPU
		{BCB38453-9665-4E06-A599-0FCD71636006}.Debug|Any CPU.Build.0 = Debug|Any CPU
		{BCB38453-9665-4E06-A599-0FCD71636006}.Release|Any CPU.ActiveCfg = Release|Any CPU
		{BCB38453-9665-4E06-A599-0FCD71636006}.Release|Any CPU.Build.0 = Release|Any CPU
		{0FD5D9F8-5DDC-4729-858D-D0BC625717E8}.Debug|Any CPU.ActiveCfg = Debug|Any CPU
		{0FD5D9F8-5DDC-4729-858D-D0BC625717E8}.Debug|Any CPU.Build.0 = Debug|Any CPU
		{0FD5D9F8-5DDC-4729-858D-D0BC625717E8}.Release|Any CPU.ActiveCfg = Release|Any CPU
		{0FD5D9F8-5DDC-4729-858D-D0BC625717E8}.Release|Any CPU.Build.0 = Release|Any CPU
	EndGlobalSection
	GlobalSection(SolutionProperties) = preSolution
		HideSolutionNode = FALSE
	EndGlobalSection
	GlobalSection(NestedProjects) = preSolution
		{B8178D65-21E0-4534-8DA1-791E23A91A81} = {7CEA71AD-8C8B-4FC0-A549-BD733AA70D3B}
		{1D1F9C85-DF25-46F3-81FA-CCC161D3C2BA} = {7CEA71AD-8C8B-4FC0-A549-BD733AA70D3B}
		{DB8B5A33-125A-412A-9809-932473094372} = {7CEA71AD-8C8B-4FC0-A549-BD733AA70D3B}
		{9487B5BD-2F8B-413F-B4AE-0B043F3C7378} = {7CEA71AD-8C8B-4FC0-A549-BD733AA70D3B}
		{76FC96D6-D5E0-479D-9451-A4542A174F6E} = {7CEA71AD-8C8B-4FC0-A549-BD733AA70D3B}
		{54AD8B38-3F55-404D-AB86-E58BCFA52898} = {7B6BE3C8-472A-4970-8938-ECB7CEB8F465}
		{B558653A-7030-4765-8BEF-D8D038C85685} = {7B6BE3C8-472A-4970-8938-ECB7CEB8F465}
		{1E92F102-B955-4C86-BD5B-021F1848EB43} = {7B6BE3C8-472A-4970-8938-ECB7CEB8F465}
		{9058C420-1AFB-4CF8-9A5A-91CDC59EEA4B} = {7B6BE3C8-472A-4970-8938-ECB7CEB8F465}
		{BEC79510-7705-4C24-B121-3B1C6F67C8C9} = {DB8B5A33-125A-412A-9809-932473094372}
		{93142A69-9C0C-475C-B1BB-C79072E9AC48} = {64DFCCA7-62DF-4999-AEF7-698DB3666888}
		{9CDD0111-D03E-4585-80EF-B321AFF43E49} = {54AD8B38-3F55-404D-AB86-E58BCFA52898}
		{4C603164-3150-4B22-958A-32EC7E6713EB} = {B558653A-7030-4765-8BEF-D8D038C85685}
		{BCB38453-9665-4E06-A599-0FCD71636006} = {1E92F102-B955-4C86-BD5B-021F1848EB43}
		{0FD5D9F8-5DDC-4729-858D-D0BC625717E8} = {9058C420-1AFB-4CF8-9A5A-91CDC59EEA4B}
	EndGlobalSection
	GlobalSection(ExtensibilityGlobals) = postSolution
		SolutionGuid = {3E8207A1-E0D2-445A-ABD0-B5D7FE922808}
	EndGlobalSection
EndGlobal
