
Microsoft Visual Studio Solution File, Format Version 12.00
# Visual Studio Version 16
VisualStudioVersion = 16.0.31515.178
MinimumVisualStudioVersion = 10.0.40219.1
Project("{2150E333-8FDC-42A3-9474-1A3956D46DE8}") = "BuildingBlocks", "BuildingBlocks", "{7B6BE3C8-472A-4970-8938-ECB7CEB8F465}"
EndProject
Project("{2150E333-8FDC-42A3-9474-1A3956D46DE8}") = "Microservices", "Microservices", "{7CEA71AD-8C8B-4FC0-A549-BD733AA70D3B}"
EndProject
Project("{2150E333-8FDC-42A3-9474-1A3956D46DE8}") = "Catalogo", "Catalogo", "{B8178D65-21E0-4534-8DA1-791E23A91A81}"
EndProject
Project("{2150E333-8FDC-42A3-9474-1A3956D46DE8}") = "Venda", "Venda", "{1D1F9C85-DF25-46F3-81FA-CCC161D3C2BA}"
EndProject
Project("{2150E333-8FDC-42A3-9474-1A3956D46DE8}") = "Core", "Core", "{DB8B5A33-125A-412A-9809-932473094372}"
EndProject
Project("{2150E333-8FDC-42A3-9474-1A3956D46DE8}") = "Identity", "Identity", "{9487B5BD-2F8B-413F-B4AE-0B043F3C7378}"
EndProject
Project("{2150E333-8FDC-42A3-9474-1A3956D46DE8}") = "Infrastructure", "Infrastructure", "{76FC96D6-D5E0-479D-9451-A4542A174F6E}"
EndProject
Project("{2150E333-8FDC-42A3-9474-1A3956D46DE8}") = "EventBus", "EventBus", "{54AD8B38-3F55-404D-AB86-E58BCFA52898}"
EndProject
Project("{2150E333-8FDC-42A3-9474-1A3956D46DE8}") = "EventBusRabbitMQ", "EventBusRabbitMQ", "{B558653A-7030-4765-8BEF-D8D038C85685}"
EndProject
Project("{2150E333-8FDC-42A3-9474-1A3956D46DE8}") = "EventSourcing", "EventSourcing", "{1E92F102-B955-4C86-BD5B-021F1848EB43}"
EndProject
Project("{2150E333-8FDC-42A3-9474-1A3956D46DE8}") = "WebHostCustomization", "WebHostCustomization", "{9058C420-1AFB-4CF8-9A5A-91CDC59EEA4B}"
EndProject
Project("{9A19103F-16F7-4668-BE54-9A1E7A4F7556}") = "FavoDeMel.Domain.Core", "src\Microservices\Core\FavoDeMel.Domain.Core\FavoDeMel.Domain.Core.csproj", "{BEC79510-7705-4C24-B121-3B1C6F67C8C9}"
EndProject
Project("{2150E333-8FDC-42A3-9474-1A3956D46DE8}") = "Presentation", "Presentation", "{64DFCCA7-62DF-4999-AEF7-698DB3666888}"
EndProject
Project("{2150E333-8FDC-42A3-9474-1A3956D46DE8}") = "WebApps", "WebApps", "{93142A69-9C0C-475C-B1BB-C79072E9AC48}"
EndProject
Project("{9A19103F-16F7-4668-BE54-9A1E7A4F7556}") = "EventBus", "src\BuildingBlocks\EventBus\EventBus.csproj", "{9CDD0111-D03E-4585-80EF-B321AFF43E49}"
EndProject
Project("{9A19103F-16F7-4668-BE54-9A1E7A4F7556}") = "EventBusRabbitMQ", "src\BuildingBlocks\EventBusRabbitMQ\EventBusRabbitMQ.csproj", "{4C603164-3150-4B22-958A-32EC7E6713EB}"
EndProject
Project("{9A19103F-16F7-4668-BE54-9A1E7A4F7556}") = "EventSourcing", "src\BuildingBlocks\EventSourcing\EventSourcing.csproj", "{BCB38453-9665-4E06-A599-0FCD71636006}"
EndProject
Project("{9A19103F-16F7-4668-BE54-9A1E7A4F7556}") = "WebHostCustomization", "src\BuildingBlocks\WebHostCustomization\WebHostCustomization.csproj", "{0FD5D9F8-5DDC-4729-858D-D0BC625717E8}"
EndProject
Project("{9A19103F-16F7-4668-BE54-9A1E7A4F7556}") = "FavoDeMel.Catalogo.Api", "src\Microservices\Catalogo\FavoDeMel.Catalogo.Api\FavoDeMel.Catalogo.Api.csproj", "{EFC55F21-BEBF-41FB-8E31-7A9F5E240F10}"
EndProject
Project("{9A19103F-16F7-4668-BE54-9A1E7A4F7556}") = "FavoDeMel.Catalogo.Application", "src\Microservices\Catalogo\FavoDeMel.Catalogo.Application\FavoDeMel.Catalogo.Application.csproj", "{CBFDE89B-9A76-40AF-8D61-283088A4296D}"
EndProject
Project("{9A19103F-16F7-4668-BE54-9A1E7A4F7556}") = "FavoDeMel.Catalogo.Data.Dapper", "src\Microservices\Catalogo\FavoDeMel.Catalogo.Data.Dapper\FavoDeMel.Catalogo.Data.Dapper.csproj", "{5FDE1742-7FB4-4426-9744-97EFC4A2C0D0}"
EndProject
Project("{9A19103F-16F7-4668-BE54-9A1E7A4F7556}") = "FavoDeMel.Catalogo.Data.EF", "src\Microservices\Catalogo\FavoDeMel.Catalogo.Data.EF\FavoDeMel.Catalogo.Data.EF.csproj", "{76A476C1-917E-4065-8C49-F6D0B5538784}"
EndProject
Project("{9A19103F-16F7-4668-BE54-9A1E7A4F7556}") = "FavoDeMel.Catalogo.Domain", "src\Microservices\Catalogo\FavoDeMel.Catalogo.Domain\FavoDeMel.Catalogo.Domain.csproj", "{F62F64DB-E7D2-4B2A-B7CD-7E47206C91C7}"
EndProject
Project("{2150E333-8FDC-42A3-9474-1A3956D46DE8}") = "Tests", "Tests", "{ABD0A328-52F3-4989-AAE3-DF8ACBD31D7A}"
EndProject
Project("{9A19103F-16F7-4668-BE54-9A1E7A4F7556}") = "FavoDeMel.Catalogo.Unit.Tests", "src\Microservices\Catalogo\Tests\FavoDeMel.Catalogo.Domain.Tests\FavoDeMel.Catalogo.Unit.Tests.csproj", "{965476DF-9F99-41FC-8026-15AC7D08BF29}"
EndProject
Project("{9A19103F-16F7-4668-BE54-9A1E7A4F7556}") = "FavoDeMel.Catalogo.FunctionalTests", "src\Microservices\Catalogo\Tests\FavoDeMel.Catalogo.FunctionalTests\FavoDeMel.Catalogo.FunctionalTests.csproj", "{1F21B2C0-6EB8-4EA3-879D-70CBB8DFFD6A}"
EndProject
Project("{9A19103F-16F7-4668-BE54-9A1E7A4F7556}") = "FavoDeMel.Infra.IoC", "src\Microservices\Infrastructure\FavoDeMel.Infra.IoC\FavoDeMel.Infra.IoC.csproj", "{00520047-5CE2-48D5-8300-3EFBA1637096}"
EndProject
Project("{9A19103F-16F7-4668-BE54-9A1E7A4F7556}") = "FavoDeMel.Venda.Api", "src\Microservices\Venda\FavoDeMel.Venda.Api\FavoDeMel.Venda.Api.csproj", "{413E0162-90F6-478B-BEF7-CFA9EAAC48B5}"
EndProject
Project("{9A19103F-16F7-4668-BE54-9A1E7A4F7556}") = "FavoDeMel.Venda.Application", "src\Microservices\Venda\FavoDeMel.Venda.Application\FavoDeMel.Venda.Application.csproj", "{9DC27BDA-2DC5-4CE3-AD20-304495097E3E}"
EndProject
Project("{9A19103F-16F7-4668-BE54-9A1E7A4F7556}") = "FavoDeMel.Venda.Data", "src\Microservices\Venda\FavoDeMel.Venda.Data\FavoDeMel.Venda.Data.csproj", "{FC582F62-1CA9-46A1-88E2-C6A812206B48}"
EndProject
Project("{9A19103F-16F7-4668-BE54-9A1E7A4F7556}") = "FavoDeMel.Venda.Domain", "src\Microservices\Venda\FavoDeMel.Venda.Domain\FavoDeMel.Venda.Domain.csproj", "{C68090A8-A5EC-4EC2-98F1-17C4AD703BC2}"
EndProject
Project("{2150E333-8FDC-42A3-9474-1A3956D46DE8}") = "WebStatus", "WebStatus", "{46D4A3C6-8F20-471F-AB15-01D57E6EF12F}"
EndProject
Project("{9A19103F-16F7-4668-BE54-9A1E7A4F7556}") = "FavoDeMel.WebStatus", "src\Microservices\WebStatus\FavoDeMel.WebStatus\FavoDeMel.WebStatus.csproj", "{FC40D95E-1291-4466-BA47-42036244ED68}"
EndProject
Project("{9A19103F-16F7-4668-BE54-9A1E7A4F7556}") = "FavoDeMel.Presentation.MVC", "src\Web\FavoDeMel.Presentation.MVC\FavoDeMel.Presentation.MVC.csproj", "{CC698488-8835-4BBA-B10A-9291F3B2D16E}"
EndProject
Project("{9A19103F-16F7-4668-BE54-9A1E7A4F7556}") = "FavoDeMel.SSO", "src\Microservices\Identity\FavoDeMel.SSO\FavoDeMel.SSO.csproj", "{F1FB8252-8896-4F61-A552-AB843D728549}"
EndProject
Project("{E53339B2-1760-4266-BCC7-CA923CBCF16C}") = "docker-compose", "docker-compose.dcproj", "{36D61391-9D5A-4FAD-9A0B-0ED625EB4D41}"
EndProject
Global
	GlobalSection(SolutionConfigurationPlatforms) = preSolution
		Debug|Any CPU = Debug|Any CPU
		Release|Any CPU = Release|Any CPU
	EndGlobalSection
	GlobalSection(ProjectConfigurationPlatforms) = postSolution
		{BEC79510-7705-4C24-B121-3B1C6F67C8C9}.Debug|Any CPU.ActiveCfg = Debug|Any CPU
		{BEC79510-7705-4C24-B121-3B1C6F67C8C9}.Debug|Any CPU.Build.0 = Debug|Any CPU
		{BEC79510-7705-4C24-B121-3B1C6F67C8C9}.Release|Any CPU.ActiveCfg = Release|Any CPU
		{BEC79510-7705-4C24-B121-3B1C6F67C8C9}.Release|Any CPU.Build.0 = Release|Any CPU
		{9CDD0111-D03E-4585-80EF-B321AFF43E49}.Debug|Any CPU.ActiveCfg = Debug|Any CPU
		{9CDD0111-D03E-4585-80EF-B321AFF43E49}.Debug|Any CPU.Build.0 = Debug|Any CPU
		{9CDD0111-D03E-4585-80EF-B321AFF43E49}.Release|Any CPU.ActiveCfg = Release|Any CPU
		{9CDD0111-D03E-4585-80EF-B321AFF43E49}.Release|Any CPU.Build.0 = Release|Any CPU
		{4C603164-3150-4B22-958A-32EC7E6713EB}.Debug|Any CPU.ActiveCfg = Debug|Any CPU
		{4C603164-3150-4B22-958A-32EC7E6713EB}.Debug|Any CPU.Build.0 = Debug|Any CPU
		{4C603164-3150-4B22-958A-32EC7E6713EB}.Release|Any CPU.ActiveCfg = Release|Any CPU
		{4C603164-3150-4B22-958A-32EC7E6713EB}.Release|Any CPU.Build.0 = Release|Any CPU
		{BCB38453-9665-4E06-A599-0FCD71636006}.Debug|Any CPU.ActiveCfg = Debug|Any CPU
		{BCB38453-9665-4E06-A599-0FCD71636006}.Debug|Any CPU.Build.0 = Debug|Any CPU
		{BCB38453-9665-4E06-A599-0FCD71636006}.Release|Any CPU.ActiveCfg = Release|Any CPU
		{BCB38453-9665-4E06-A599-0FCD71636006}.Release|Any CPU.Build.0 = Release|Any CPU
		{0FD5D9F8-5DDC-4729-858D-D0BC625717E8}.Debug|Any CPU.ActiveCfg = Debug|Any CPU
		{0FD5D9F8-5DDC-4729-858D-D0BC625717E8}.Debug|Any CPU.Build.0 = Debug|Any CPU
		{0FD5D9F8-5DDC-4729-858D-D0BC625717E8}.Release|Any CPU.ActiveCfg = Release|Any CPU
		{0FD5D9F8-5DDC-4729-858D-D0BC625717E8}.Release|Any CPU.Build.0 = Release|Any CPU
		{EFC55F21-BEBF-41FB-8E31-7A9F5E240F10}.Debug|Any CPU.ActiveCfg = Debug|Any CPU
		{EFC55F21-BEBF-41FB-8E31-7A9F5E240F10}.Debug|Any CPU.Build.0 = Debug|Any CPU
		{EFC55F21-BEBF-41FB-8E31-7A9F5E240F10}.Release|Any CPU.ActiveCfg = Release|Any CPU
		{EFC55F21-BEBF-41FB-8E31-7A9F5E240F10}.Release|Any CPU.Build.0 = Release|Any CPU
		{CBFDE89B-9A76-40AF-8D61-283088A4296D}.Debug|Any CPU.ActiveCfg = Debug|Any CPU
		{CBFDE89B-9A76-40AF-8D61-283088A4296D}.Debug|Any CPU.Build.0 = Debug|Any CPU
		{CBFDE89B-9A76-40AF-8D61-283088A4296D}.Release|Any CPU.ActiveCfg = Release|Any CPU
		{CBFDE89B-9A76-40AF-8D61-283088A4296D}.Release|Any CPU.Build.0 = Release|Any CPU
		{5FDE1742-7FB4-4426-9744-97EFC4A2C0D0}.Debug|Any CPU.ActiveCfg = Debug|Any CPU
		{5FDE1742-7FB4-4426-9744-97EFC4A2C0D0}.Debug|Any CPU.Build.0 = Debug|Any CPU
		{5FDE1742-7FB4-4426-9744-97EFC4A2C0D0}.Release|Any CPU.ActiveCfg = Release|Any CPU
		{5FDE1742-7FB4-4426-9744-97EFC4A2C0D0}.Release|Any CPU.Build.0 = Release|Any CPU
		{76A476C1-917E-4065-8C49-F6D0B5538784}.Debug|Any CPU.ActiveCfg = Debug|Any CPU
		{76A476C1-917E-4065-8C49-F6D0B5538784}.Debug|Any CPU.Build.0 = Debug|Any CPU
		{76A476C1-917E-4065-8C49-F6D0B5538784}.Release|Any CPU.ActiveCfg = Release|Any CPU
		{76A476C1-917E-4065-8C49-F6D0B5538784}.Release|Any CPU.Build.0 = Release|Any CPU
		{F62F64DB-E7D2-4B2A-B7CD-7E47206C91C7}.Debug|Any CPU.ActiveCfg = Debug|Any CPU
		{F62F64DB-E7D2-4B2A-B7CD-7E47206C91C7}.Debug|Any CPU.Build.0 = Debug|Any CPU
		{F62F64DB-E7D2-4B2A-B7CD-7E47206C91C7}.Release|Any CPU.ActiveCfg = Release|Any CPU
		{F62F64DB-E7D2-4B2A-B7CD-7E47206C91C7}.Release|Any CPU.Build.0 = Release|Any CPU
		{965476DF-9F99-41FC-8026-15AC7D08BF29}.Debug|Any CPU.ActiveCfg = Debug|Any CPU
		{965476DF-9F99-41FC-8026-15AC7D08BF29}.Debug|Any CPU.Build.0 = Debug|Any CPU
		{965476DF-9F99-41FC-8026-15AC7D08BF29}.Release|Any CPU.ActiveCfg = Release|Any CPU
		{965476DF-9F99-41FC-8026-15AC7D08BF29}.Release|Any CPU.Build.0 = Release|Any CPU
		{1F21B2C0-6EB8-4EA3-879D-70CBB8DFFD6A}.Debug|Any CPU.ActiveCfg = Debug|Any CPU
		{1F21B2C0-6EB8-4EA3-879D-70CBB8DFFD6A}.Debug|Any CPU.Build.0 = Debug|Any CPU
		{1F21B2C0-6EB8-4EA3-879D-70CBB8DFFD6A}.Release|Any CPU.ActiveCfg = Release|Any CPU
		{1F21B2C0-6EB8-4EA3-879D-70CBB8DFFD6A}.Release|Any CPU.Build.0 = Release|Any CPU
		{00520047-5CE2-48D5-8300-3EFBA1637096}.Debug|Any CPU.ActiveCfg = Debug|Any CPU
		{00520047-5CE2-48D5-8300-3EFBA1637096}.Debug|Any CPU.Build.0 = Debug|Any CPU
		{00520047-5CE2-48D5-8300-3EFBA1637096}.Release|Any CPU.ActiveCfg = Release|Any CPU
		{00520047-5CE2-48D5-8300-3EFBA1637096}.Release|Any CPU.Build.0 = Release|Any CPU
		{413E0162-90F6-478B-BEF7-CFA9EAAC48B5}.Debug|Any CPU.ActiveCfg = Debug|Any CPU
		{413E0162-90F6-478B-BEF7-CFA9EAAC48B5}.Debug|Any CPU.Build.0 = Debug|Any CPU
		{413E0162-90F6-478B-BEF7-CFA9EAAC48B5}.Release|Any CPU.ActiveCfg = Release|Any CPU
		{413E0162-90F6-478B-BEF7-CFA9EAAC48B5}.Release|Any CPU.Build.0 = Release|Any CPU
		{9DC27BDA-2DC5-4CE3-AD20-304495097E3E}.Debug|Any CPU.ActiveCfg = Debug|Any CPU
		{9DC27BDA-2DC5-4CE3-AD20-304495097E3E}.Debug|Any CPU.Build.0 = Debug|Any CPU
		{9DC27BDA-2DC5-4CE3-AD20-304495097E3E}.Release|Any CPU.ActiveCfg = Release|Any CPU
		{9DC27BDA-2DC5-4CE3-AD20-304495097E3E}.Release|Any CPU.Build.0 = Release|Any CPU
		{FC582F62-1CA9-46A1-88E2-C6A812206B48}.Debug|Any CPU.ActiveCfg = Debug|Any CPU
		{FC582F62-1CA9-46A1-88E2-C6A812206B48}.Debug|Any CPU.Build.0 = Debug|Any CPU
		{FC582F62-1CA9-46A1-88E2-C6A812206B48}.Release|Any CPU.ActiveCfg = Release|Any CPU
		{FC582F62-1CA9-46A1-88E2-C6A812206B48}.Release|Any CPU.Build.0 = Release|Any CPU
		{C68090A8-A5EC-4EC2-98F1-17C4AD703BC2}.Debug|Any CPU.ActiveCfg = Debug|Any CPU
		{C68090A8-A5EC-4EC2-98F1-17C4AD703BC2}.Debug|Any CPU.Build.0 = Debug|Any CPU
		{C68090A8-A5EC-4EC2-98F1-17C4AD703BC2}.Release|Any CPU.ActiveCfg = Release|Any CPU
		{C68090A8-A5EC-4EC2-98F1-17C4AD703BC2}.Release|Any CPU.Build.0 = Release|Any CPU
		{FC40D95E-1291-4466-BA47-42036244ED68}.Debug|Any CPU.ActiveCfg = Debug|Any CPU
		{FC40D95E-1291-4466-BA47-42036244ED68}.Debug|Any CPU.Build.0 = Debug|Any CPU
		{FC40D95E-1291-4466-BA47-42036244ED68}.Release|Any CPU.ActiveCfg = Release|Any CPU
		{FC40D95E-1291-4466-BA47-42036244ED68}.Release|Any CPU.Build.0 = Release|Any CPU
		{CC698488-8835-4BBA-B10A-9291F3B2D16E}.Debug|Any CPU.ActiveCfg = Debug|Any CPU
		{CC698488-8835-4BBA-B10A-9291F3B2D16E}.Debug|Any CPU.Build.0 = Debug|Any CPU
		{CC698488-8835-4BBA-B10A-9291F3B2D16E}.Release|Any CPU.ActiveCfg = Release|Any CPU
		{CC698488-8835-4BBA-B10A-9291F3B2D16E}.Release|Any CPU.Build.0 = Release|Any CPU
		{F1FB8252-8896-4F61-A552-AB843D728549}.Debug|Any CPU.ActiveCfg = Debug|Any CPU
		{F1FB8252-8896-4F61-A552-AB843D728549}.Debug|Any CPU.Build.0 = Debug|Any CPU
		{F1FB8252-8896-4F61-A552-AB843D728549}.Release|Any CPU.ActiveCfg = Release|Any CPU
		{F1FB8252-8896-4F61-A552-AB843D728549}.Release|Any CPU.Build.0 = Release|Any CPU
		{36D61391-9D5A-4FAD-9A0B-0ED625EB4D41}.Debug|Any CPU.ActiveCfg = Debug|Any CPU
		{36D61391-9D5A-4FAD-9A0B-0ED625EB4D41}.Debug|Any CPU.Build.0 = Debug|Any CPU
		{36D61391-9D5A-4FAD-9A0B-0ED625EB4D41}.Release|Any CPU.ActiveCfg = Release|Any CPU
		{36D61391-9D5A-4FAD-9A0B-0ED625EB4D41}.Release|Any CPU.Build.0 = Release|Any CPU
	EndGlobalSection
	GlobalSection(SolutionProperties) = preSolution
		HideSolutionNode = FALSE
	EndGlobalSection
	GlobalSection(NestedProjects) = preSolution
		{B8178D65-21E0-4534-8DA1-791E23A91A81} = {7CEA71AD-8C8B-4FC0-A549-BD733AA70D3B}
		{1D1F9C85-DF25-46F3-81FA-CCC161D3C2BA} = {7CEA71AD-8C8B-4FC0-A549-BD733AA70D3B}
		{DB8B5A33-125A-412A-9809-932473094372} = {7CEA71AD-8C8B-4FC0-A549-BD733AA70D3B}
		{9487B5BD-2F8B-413F-B4AE-0B043F3C7378} = {7CEA71AD-8C8B-4FC0-A549-BD733AA70D3B}
		{76FC96D6-D5E0-479D-9451-A4542A174F6E} = {7CEA71AD-8C8B-4FC0-A549-BD733AA70D3B}
		{54AD8B38-3F55-404D-AB86-E58BCFA52898} = {7B6BE3C8-472A-4970-8938-ECB7CEB8F465}
		{B558653A-7030-4765-8BEF-D8D038C85685} = {7B6BE3C8-472A-4970-8938-ECB7CEB8F465}
		{1E92F102-B955-4C86-BD5B-021F1848EB43} = {7B6BE3C8-472A-4970-8938-ECB7CEB8F465}
		{9058C420-1AFB-4CF8-9A5A-91CDC59EEA4B} = {7B6BE3C8-472A-4970-8938-ECB7CEB8F465}
		{BEC79510-7705-4C24-B121-3B1C6F67C8C9} = {DB8B5A33-125A-412A-9809-932473094372}
		{93142A69-9C0C-475C-B1BB-C79072E9AC48} = {64DFCCA7-62DF-4999-AEF7-698DB3666888}
		{9CDD0111-D03E-4585-80EF-B321AFF43E49} = {54AD8B38-3F55-404D-AB86-E58BCFA52898}
		{4C603164-3150-4B22-958A-32EC7E6713EB} = {B558653A-7030-4765-8BEF-D8D038C85685}
		{BCB38453-9665-4E06-A599-0FCD71636006} = {1E92F102-B955-4C86-BD5B-021F1848EB43}
		{0FD5D9F8-5DDC-4729-858D-D0BC625717E8} = {9058C420-1AFB-4CF8-9A5A-91CDC59EEA4B}
		{EFC55F21-BEBF-41FB-8E31-7A9F5E240F10} = {B8178D65-21E0-4534-8DA1-791E23A91A81}
		{CBFDE89B-9A76-40AF-8D61-283088A4296D} = {B8178D65-21E0-4534-8DA1-791E23A91A81}
		{5FDE1742-7FB4-4426-9744-97EFC4A2C0D0} = {B8178D65-21E0-4534-8DA1-791E23A91A81}
		{76A476C1-917E-4065-8C49-F6D0B5538784} = {B8178D65-21E0-4534-8DA1-791E23A91A81}
		{F62F64DB-E7D2-4B2A-B7CD-7E47206C91C7} = {B8178D65-21E0-4534-8DA1-791E23A91A81}
		{ABD0A328-52F3-4989-AAE3-DF8ACBD31D7A} = {B8178D65-21E0-4534-8DA1-791E23A91A81}
		{965476DF-9F99-41FC-8026-15AC7D08BF29} = {ABD0A328-52F3-4989-AAE3-DF8ACBD31D7A}
		{1F21B2C0-6EB8-4EA3-879D-70CBB8DFFD6A} = {ABD0A328-52F3-4989-AAE3-DF8ACBD31D7A}
		{00520047-5CE2-48D5-8300-3EFBA1637096} = {76FC96D6-D5E0-479D-9451-A4542A174F6E}
		{413E0162-90F6-478B-BEF7-CFA9EAAC48B5} = {1D1F9C85-DF25-46F3-81FA-CCC161D3C2BA}
		{9DC27BDA-2DC5-4CE3-AD20-304495097E3E} = {1D1F9C85-DF25-46F3-81FA-CCC161D3C2BA}
		{FC582F62-1CA9-46A1-88E2-C6A812206B48} = {1D1F9C85-DF25-46F3-81FA-CCC161D3C2BA}
		{C68090A8-A5EC-4EC2-98F1-17C4AD703BC2} = {1D1F9C85-DF25-46F3-81FA-CCC161D3C2BA}
		{46D4A3C6-8F20-471F-AB15-01D57E6EF12F} = {7CEA71AD-8C8B-4FC0-A549-BD733AA70D3B}
		{FC40D95E-1291-4466-BA47-42036244ED68} = {46D4A3C6-8F20-471F-AB15-01D57E6EF12F}
		{CC698488-8835-4BBA-B10A-9291F3B2D16E} = {93142A69-9C0C-475C-B1BB-C79072E9AC48}
		{F1FB8252-8896-4F61-A552-AB843D728549} = {9487B5BD-2F8B-413F-B4AE-0B043F3C7378}
	EndGlobalSection
	GlobalSection(ExtensibilityGlobals) = postSolution
		SolutionGuid = {3E8207A1-E0D2-445A-ABD0-B5D7FE922808}
	EndGlobalSection
EndGlobal
