
Microsoft Visual Studio Solution File, Format Version 12.00
# Visual Studio Version 16
VisualStudioVersion = 16.0.30503.244
MinimumVisualStudioVersion = 10.0.40219.1
Project("{9A19103F-16F7-4668-BE54-9A1E7A4F7556}") = "CursoIS4", "CursoIS4.csproj", "{BA2CE554-F6E6-4A3F-8798-5EE5C1E555E3}"
EndProject
Global
	GlobalSection(SolutionConfigurationPlatforms) = preSolution
		Debug|Any CPU = Debug|Any CPU
		Release|Any CPU = Release|Any CPU
	EndGlobalSection
	GlobalSection(ProjectConfigurationPlatforms) = postSolution
		{BA2CE554-F6E6-4A3F-8798-5EE5C1E555E3}.Debug|Any CPU.ActiveCfg = Debug|Any CPU
		{BA2CE554-F6E6-4A3F-8798-5EE5C1E555E3}.Debug|Any CPU.Build.0 = Debug|Any CPU
		{BA2CE554-F6E6-4A3F-8798-5EE5C1E555E3}.Release|Any CPU.ActiveCfg = Release|Any CPU
		{BA2CE554-F6E6-4A3F-8798-5EE5C1E555E3}.Release|Any CPU.Build.0 = Release|Any CPU
	EndGlobalSection
	GlobalSection(SolutionProperties) = preSolution
		HideSolutionNode = FALSE
	EndGlobalSection
	GlobalSection(ExtensibilityGlobals) = postSolution
		SolutionGuid = {4AA9CB9C-BB7D-4F4C-90C5-47DC28C2BF21}
	EndGlobalSection
EndGlobal
